// !$*UTF8*$!
{
	archiveVersion = 1;
	classes = {
	};
	objectVersion = 46;
	objects = {

/* Begin PBXBuildFile section */
		D8FABDFE1D1D3D8D003E57EC /* main.m in Sources */ = {isa = PBXBuildFile; fileRef = D8FABDFD1D1D3D8D003E57EC /* main.m */; };
		D8FABE011D1D3D8D003E57EC /* AppDelegate.m in Sources */ = {isa = PBXBuildFile; fileRef = D8FABE001D1D3D8D003E57EC /* AppDelegate.m */; };
		D8FABE041D1D3D8D003E57EC /* ViewController.m in Sources */ = {isa = PBXBuildFile; fileRef = D8FABE031D1D3D8D003E57EC /* ViewController.m */; };
		D8FABE071D1D3D8D003E57EC /* Main.storyboard in Resources */ = {isa = PBXBuildFile; fileRef = D8FABE051D1D3D8D003E57EC /* Main.storyboard */; };
		D8FABE091D1D3D8D003E57EC /* Assets.xcassets in Resources */ = {isa = PBXBuildFile; fileRef = D8FABE081D1D3D8D003E57EC /* Assets.xcassets */; };
		D8FABE0C1D1D3D8D003E57EC /* LaunchScreen.storyboard in Resources */ = {isa = PBXBuildFile; fileRef = D8FABE0A1D1D3D8D003E57EC /* LaunchScreen.storyboard */; };
		D8FABE151D1D3F2A003E57EC /* DYSwizzling.m in Sources */ = {isa = PBXBuildFile; fileRef = D8FABE141D1D3F2A003E57EC /* DYSwizzling.m */; };
/* End PBXBuildFile section */

/* Begin PBXFileReference section */
		D8FABDF91D1D3D8C003E57EC /* DYSwizzling.app */ = {isa = PBXFileReference; explicitFileType = wrapper.application; includeInIndex = 0; path = DYSwizzling.app; sourceTree = BUILT_PRODUCTS_DIR; };
		D8FABDFD1D1D3D8D003E57EC /* main.m */ = {isa = PBXFileReference; lastKnownFileType = sourcecode.c.objc; path = main.m; sourceTree = "<group>"; };
		D8FABDFF1D1D3D8D003E57EC /* AppDelegate.h */ = {isa = PBXFileReference; lastKnownFileType = sourcecode.c.h; path = AppDelegate.h; sourceTree = "<group>"; };
		D8FABE001D1D3D8D003E57EC /* AppDelegate.m */ = {isa = PBXFileReference; lastKnownFileType = sourcecode.c.objc; path = AppDelegate.m; sourceTree = "<group>"; };
		D8FABE021D1D3D8D003E57EC /* ViewController.h */ = {isa = PBXFileReference; lastKnownFileType = sourcecode.c.h; path = ViewController.h; sourceTree = "<group>"; };
		D8FABE031D1D3D8D003E57EC /* ViewController.m */ = {isa = PBXFileReference; lastKnownFileType = sourcecode.c.objc; path = ViewController.m; sourceTree = "<group>"; };
		D8FABE061D1D3D8D003E57EC /* Base */ = {isa = PBXFileReference; lastKnownFileType = file.storyboard; name = Base; path = Base.lproj/Main.storyboard; sourceTree = "<group>"; };
		D8FABE081D1D3D8D003E57EC /* Assets.xcassets */ = {isa = PBXFileReference; lastKnownFileType = folder.assetcatalog; path = Assets.xcassets; sourceTree = "<group>"; };
		D8FABE0B1D1D3D8D003E57EC /* Base */ = {isa = PBXFileReference; lastKnownFileType = file.storyboard; name = Base; path = Base.lproj/LaunchScreen.storyboard; sourceTree = "<group>"; };
		D8FABE0D1D1D3D8D003E57EC /* Info.plist */ = {isa = PBXFileReference; lastKnownFileType = text.plist.xml; path = Info.plist; sourceTree = "<group>"; };
		D8FABE131D1D3F2A003E57EC /* DYSwizzling.h */ = {isa = PBXFileReference; fileEncoding = 4; lastKnownFileType = sourcecode.c.h; path = DYSwizzling.h; sourceTree = "<group>"; };
		D8FABE141D1D3F2A003E57EC /* DYSwizzling.m */ = {isa = PBXFileReference; fileEncoding = 4; lastKnownFileType = sourcecode.c.objc; path = DYSwizzling.m; sourceTree = "<group>"; };
/* End PBXFileReference section */

/* Begin PBXFrameworksBuildPhase section */
		D8FABDF61D1D3D8C003E57EC /* Frameworks */ = {
			isa = PBXFrameworksBuildPhase;
			buildActionMask = 2147483647;
			files = (
			);
			runOnlyForDeploymentPostprocessing = 0;
		};
/* End PBXFrameworksBuildPhase section */

/* Begin PBXGroup section */
		D8FABDF01D1D3D8C003E57EC = {
			isa = PBXGroup;
			children = (
				D8FABDFB1D1D3D8D003E57EC /* DYSwizzling */,
				D8FABDFA1D1D3D8C003E57EC /* Products */,
			);
			sourceTree = "<group>";
		};
		D8FABDFA1D1D3D8C003E57EC /* Products */ = {
			isa = PBXGroup;
			children = (
				D8FABDF91D1D3D8C003E57EC /* DYSwizzling.app */,
			);
			name = Products;
			sourceTree = "<group>";
		};
		D8FABDFB1D1D3D8D003E57EC /* DYSwizzling */ = {
			isa = PBXGroup;
			children = (
				D8FABDFF1D1D3D8D003E57EC /* AppDelegate.h */,
				D8FABE001D1D3D8D003E57EC /* AppDelegate.m */,
				D8FABE021D1D3D8D003E57EC /* ViewController.h */,
				D8FABE031D1D3D8D003E57EC /* ViewController.m */,
				D8FABE131D1D3F2A003E57EC /* DYSwizzling.h */,
				D8FABE141D1D3F2A003E57EC /* DYSwizzling.m */,
				D8FABE051D1D3D8D003E57EC /* Main.storyboard */,
				D8FABE081D1D3D8D003E57EC /* Assets.xcassets */,
				D8FABE0A1D1D3D8D003E57EC /* LaunchScreen.storyboard */,
				D8FABE0D1D1D3D8D003E57EC /* Info.plist */,
				D8FABDFC1D1D3D8D003E57EC /* Supporting Files */,
			);
			path = DYSwizzling;
			sourceTree = "<group>";
		};
		D8FABDFC1D1D3D8D003E57EC /* Supporting Files */ = {
			isa = PBXGroup;
			children = (
				D8FABDFD1D1D3D8D003E57EC /* main.m */,
			);
			name = "Supporting Files";
			sourceTree = "<group>";
		};
/* End PBXGroup section */

/* Begin PBXNativeTarget section */
		D8FABDF81D1D3D8C003E57EC /* DYSwizzling */ = {
			isa = PBXNativeTarget;
			buildConfigurationList = D8FABE101D1D3D8D003E57EC /* Build configuration list for PBXNativeTarget "DYSwizzling" */;
			buildPhases = (
				D8FABDF51D1D3D8C003E57EC /* Sources */,
				D8FABDF61D1D3D8C003E57EC /* Frameworks */,
				D8FABDF71D1D3D8C003E57EC /* Resources */,
			);
			buildRules = (
			);
			dependencies = (
			);
			name = DYSwizzling;
			productName = DYSwizzling;
			productReference = D8FABDF91D1D3D8C003E57EC /* DYSwizzling.app */;
			productType = "com.apple.product-type.application";
		};
/* End PBXNativeTarget section */

/* Begin PBXProject section */
		D8FABDF11D1D3D8C003E57EC /* Project object */ = {
			isa = PBXProject;
			attributes = {
				LastUpgradeCheck = 0730;
				ORGANIZATIONNAME = duan.yu;
				TargetAttributes = {
					D8FABDF81D1D3D8C003E57EC = {
						CreatedOnToolsVersion = 7.3;
						DevelopmentTeam = 5268J6X247;
					};
				};
			};
			buildConfigurationList = D8FABDF41D1D3D8C003E57EC /* Build configuration list for PBXProject "DYSwizzling" */;
			compatibilityVersion = "Xcode 3.2";
			developmentRegion = English;
			hasScannedForEncodings = 0;
			knownRegions = (
				en,
				Base,
			);
			mainGroup = D8FABDF01D1D3D8C003E57EC;
			productRefGroup = D8FABDFA1D1D3D8C003E57EC /* Products */;
			projectDirPath = "";
			projectRoot = "";
			targets = (
				D8FABDF81D1D3D8C003E57EC /* DYSwizzling */,
			);
		};
/* End PBXProject section */

/* Begin PBXResourcesBuildPhase section */
		D8FABDF71D1D3D8C003E57EC /* Resources */ = {
			isa = PBXResourcesBuildPhase;
			buildActionMask = 2147483647;
			files = (
				D8FABE0C1D1D3D8D003E57EC /* LaunchScreen.storyboard in Resources */,
				D8FABE091D1D3D8D003E57EC /* Assets.xcassets in Resources */,
				D8FABE071D1D3D8D003E57EC /* Main.storyboard in Resources */,
			);
			runOnlyForDeploymentPostprocessing = 0;
		};
/* End PBXResourcesBuildPhase section */

/* Begin PBXSourcesBuildPhase section */
		D8FABDF51D1D3D8C003E57EC /* Sources */ = {
			isa = PBXSourcesBuildPhase;
			buildActionMask = 2147483647;
			files = (
				D8FABE041D1D3D8D003E57EC /* ViewController.m in Sources */,
				D8FABE011D1D3D8D003E57EC /* AppDelegate.m in Sources */,
				D8FABE151D1D3F2A003E57EC /* DYSwizzling.m in Sources */,
				D8FABDFE1D1D3D8D003E57EC /* main.m in Sources */,
			);
			runOnlyForDeploymentPostprocessing = 0;
		};
/* End PBXSourcesBuildPhase section */

/* Begin PBXVariantGroup section */
		D8FABE051D1D3D8D003E57EC /* Main.storyboard */ = {
			isa = PBXVariantGroup;
			children = (
				D8FABE061D1D3D8D003E57EC /* Base */,
			);
			name = Main.storyboard;
			sourceTree = "<group>";
		};
		D8FABE0A1D1D3D8D003E57EC /* LaunchScreen.storyboard */ = {
			isa = PBXVariantGroup;
			children = (
				D8FABE0B1D1D3D8D003E57EC /* Base */,
			);
			name = LaunchScreen.storyboard;
			sourceTree = "<group>";
		};
/* End PBXVariantGroup section */

/* Begin XCBuildConfiguration section */
		D8FABE0E1D1D3D8D003E57EC /* Debug */ = {
			isa = XCBuildConfiguration;
			buildSettings = {
				ALWAYS_SEARCH_USER_PATHS = NO;
				CLANG_ANALYZER_NONNULL = YES;
				CLANG_CXX_LANGUAGE_STANDARD = "gnu++0x";
				CLANG_CXX_LIBRARY = "libc++";
				CLANG_ENABLE_MODULES = YES;
				CLANG_ENABLE_OBJC_ARC = YES;
				CLANG_WARN_BOOL_CONVERSION = YES;
				CLANG_WARN_CONSTANT_CONVERSION = YES;
				CLANG_WARN_DIRECT_OBJC_ISA_USAGE = YES_ERROR;
				CLANG_WARN_EMPTY_BODY = YES;
				CLANG_WARN_ENUM_CONVERSION = YES;
				CLANG_WARN_INT_CONVERSION = YES;
				CLANG_WARN_OBJC_ROOT_CLASS = YES_ERROR;
				CLANG_WARN_UNREACHABLE_CODE = YES;
				CLANG_WARN__DUPLICATE_METHOD_MATCH = YES;
				"CODE_SIGN_IDENTITY[sdk=iphoneos*]" = "iPhone Developer";
				COPY_PHASE_STRIP = NO;
				DEBUG_INFORMATION_FORMAT = dwarf;
				ENABLE_STRICT_OBJC_MSGSEND = YES;
				ENABLE_TESTABILITY = YES;
				GCC_C_LANGUAGE_STANDARD = gnu99;
				GCC_DYNAMIC_NO_PIC = NO;
				GCC_NO_COMMON_BLOCKS = YES;
				GCC_OPTIMIZATION_LEVEL = 0;
				GCC_PREPROCESSOR_DEFINITIONS = (
					"DEBUG=1",
					"$(inherited)",
				);
				GCC_WARN_64_TO_32_BIT_CONVERSION = YES;
				GCC_WARN_ABOUT_RETURN_TYPE = YES_ERROR;
				GCC_WARN_UNDECLARED_SELECTOR = YES;
				GCC_WARN_UNINITIALIZED_AUTOS = YES_AGGRESSIVE;
				GCC_WARN_UNUSED_FUNCTION = YES;
				GCC_WARN_UNUSED_VARIABLE = YES;
				IPHONEOS_DEPLOYMENT_TARGET = 9.3;
				MTL_ENABLE_DEBUG_INFO = YES;
				ONLY_ACTIVE_ARCH = YES;
				SDKROOT = iphoneos;
				TARGETED_DEVICE_FAMILY = "1,2";
			};
			name = Debug;
		};
		D8FABE0F1D1D3D8D003E57EC /* Release */ = {
			isa = XCBuildConfiguration;
			buildSettings = {
				ALWAYS_SEARCH_USER_PATHS = NO;
				CLANG_ANALYZER_NONNULL = YES;
				CLANG_CXX_LANGUAGE_STANDARD = "gnu++0x";
				CLANG_CXX_LIBRARY = "libc++";
				CLANG_ENABLE_MODULES = YES;
				CLANG_ENABLE_OBJC_ARC = YES;
				CLANG_WARN_BOOL_CONVERSION = YES;
				CLANG_WARN_CONSTANT_CONVERSION = YES;
				CLANG_WARN_DIRECT_OBJC_ISA_USAGE = YES_ERROR;
				CLANG_WARN_EMPTY_BODY = YES;
				CLANG_WARN_ENUM_CONVERSION = YES;
				CLANG_WARN_INT_CONVERSION = YES;
				CLANG_WARN_OBJC_ROOT_CLASS = YES_ERROR;
				CLANG_WARN_UNREACHABLE_CODE = YES;
				CLANG_WARN__DUPLICATE_METHOD_MATCH = YES;
				"CODE_SIGN_IDENTITY[sdk=iphoneos*]" = "iPhone Developer";
				COPY_PHASE_STRIP = NO;
				DEBUG_INFORMATION_FORMAT = "dwarf-with-dsym";
				ENABLE_NS_ASSERTIONS = NO;
				ENABLE_STRICT_OBJC_MSGSEND = YES;
				GCC_C_LANGUAGE_STANDARD = gnu99;
				GCC_NO_COMMON_BLOCKS = YES;
				GCC_WARN_64_TO_32_BIT_CONVERSION = YES;
				GCC_WARN_ABOUT_RETURN_TYPE = YES_ERROR;
				GCC_WARN_UNDECLARED_SELECTOR = YES;
				GCC_WARN_UNINITIALIZED_AUTOS = YES_AGGRESSIVE;
				GCC_WARN_UNUSED_FUNCTION = YES;
				GCC_WARN_UNUSED_VARIABLE = YES;
				IPHONEOS_DEPLOYMENT_TARGET = 9.3;
				MTL_ENABLE_DEBUG_INFO = NO;
				SDKROOT = iphoneos;
				TARGETED_DEVICE_FAMILY = "1,2";
				VALIDATE_PRODUCT = YES;
			};
			name = Release;
		};
		D8FABE111D1D3D8D003E57EC /* Debug */ = {
			isa = XCBuildConfiguration;
			buildSettings = {
				ASSETCATALOG_COMPILER_APPICON_NAME = AppIcon;
				INFOPLIST_FILE = DYSwizzling/Info.plist;
				LD_RUNPATH_SEARCH_PATHS = "$(inherited) @executable_path/Frameworks";
				PRODUCT_BUNDLE_IDENTIFIER = duan.yu.DYSwizzling;
				PRODUCT_NAME = "$(TARGET_NAME)";
			};
			name = Debug;
		};
		D8FABE121D1D3D8D003E57EC /* Release */ = {
			isa = XCBuildConfiguration;
			buildSettings = {
				ASSETCATALOG_COMPILER_APPICON_NAME = AppIcon;
				INFOPLIST_FILE = DYSwizzling/Info.plist;
				LD_RUNPATH_SEARCH_PATHS = "$(inherited) @executable_path/Frameworks";
				PRODUCT_BUNDLE_IDENTIFIER = duan.yu.DYSwizzling;
				PRODUCT_NAME = "$(TARGET_NAME)";
			};
			name = Release;
		};
/* End XCBuildConfiguration section */

/* Begin XCConfigurationList section */
		D8FABDF41D1D3D8C003E57EC /* Build configuration list for PBXProject "DYSwizzling" */ = {
			isa = XCConfigurationList;
			buildConfigurations = (
				D8FABE0E1D1D3D8D003E57EC /* Debug */,
				D8FABE0F1D1D3D8D003E57EC /* Release */,
			);
			defaultConfigurationIsVisible = 0;
			defaultConfigurationName = Release;
		};
		D8FABE101D1D3D8D003E57EC /* Build configuration list for PBXNativeTarget "DYSwizzling" */ = {
			isa = XCConfigurationList;
			buildConfigurations = (
				D8FABE111D1D3D8D003E57EC /* Debug */,
				D8FABE121D1D3D8D003E57EC /* Release */,
			);
			defaultConfigurationIsVisible = 0;
		};
/* End XCConfigurationList section */
	};
	rootObject = D8FABDF11D1D3D8C003E57EC /* Project object */;
}
